{
  "name": "@syscoin/syscoin-libjs",
  "version": "3.0.0-beta",
  "lockfileVersion": 1,
  "requires": true,
  "dependencies": {
    "@angular/common": {
      "version": "4.4.7",
      "resolved": "https://registry.npmjs.org/@angular/common/-/common-4.4.7.tgz",
      "integrity": "sha512-5R0POjbT4CR+8vXS7P33SiozJpTEKDsHq07EMm90OCwoofU5DIKDLNyEqr362zsbpzGUTmhGbSiLZib5Qt4djA==",
      "requires": {
        "tslib": "1.9.2"
      }
    },
    "@angular/core": {
      "version": "4.4.7",
      "resolved": "https://registry.npmjs.org/@angular/core/-/core-4.4.7.tgz",
      "integrity": "sha512-Jxs6gNTl5KjXflg5vi5rlnokq1johFccN94qSOgDv+Mg1iuGF2i9p7EHkw3Y8jBCVaSLw1qgHE+wMb6KTlJDLA==",
      "requires": {
        "tslib": "1.9.2"
      }
    },
    "@angular/http": {
      "version": "4.4.7",
      "resolved": "https://registry.npmjs.org/@angular/http/-/http-4.4.7.tgz",
      "integrity": "sha512-9XrvXFVuHsAfVlIbM6Em2EouKiRyV2y4nPA+dAUd/9uB9i/i+FzZlmmeSIvP7ePnm6QyAC6nlvy9FMQYwvrtNA==",
      "requires": {
        "tslib": "1.9.2"
      }
    },
    "@angular/platform-browser": {
      "version": "4.4.7",
      "resolved": "https://registry.npmjs.org/@angular/platform-browser/-/platform-browser-4.4.7.tgz",
      "integrity": "sha512-5WGMhUbaepmNoE597N/6R4jDdSqe4wwJblfi6bOJI34QStmD6QRnmg3H7ujr8lLhRBo9P3zH+hn7bM3RxUIEJg==",
      "requires": {
        "tslib": "1.9.2"
      }
    },
    "@types/rx": {
      "version": "4.1.1",
      "resolved": "https://registry.npmjs.org/@types/rx/-/rx-4.1.1.tgz",
      "integrity": "sha1-WY/JSla67ZdfGUV04PVy/Y5iekg=",
      "requires": {
        "@types/rx-core": "4.0.3",
        "@types/rx-core-binding": "4.0.4",
        "@types/rx-lite": "4.0.5",
        "@types/rx-lite-aggregates": "4.0.3",
        "@types/rx-lite-async": "4.0.2",
        "@types/rx-lite-backpressure": "4.0.3",
        "@types/rx-lite-coincidence": "4.0.3",
        "@types/rx-lite-experimental": "4.0.1",
        "@types/rx-lite-joinpatterns": "4.0.1",
        "@types/rx-lite-testing": "4.0.1",
        "@types/rx-lite-time": "4.0.3",
        "@types/rx-lite-virtualtime": "4.0.3"
      }
    },
    "@types/rx-core": {
      "version": "4.0.3",
      "resolved": "https://registry.npmjs.org/@types/rx-core/-/rx-core-4.0.3.tgz",
      "integrity": "sha1-CzNUsSOM7b4rdPYybxOdvHpZHWA="
    },
    "@types/rx-core-binding": {
      "version": "4.0.4",
      "resolved": "https://registry.npmjs.org/@types/rx-core-binding/-/rx-core-binding-4.0.4.tgz",
      "integrity": "sha512-5pkfxnC4w810LqBPUwP5bg7SFR/USwhMSaAeZQQbEHeBp57pjKXRlXmqpMrLJB4y1oglR/c2502853uN0I+DAQ==",
      "requires": {
        "@types/rx-core": "4.0.3"
      }
    },
    "@types/rx-lite": {
      "version": "4.0.5",
      "resolved": "https://registry.npmjs.org/@types/rx-lite/-/rx-lite-4.0.5.tgz",
      "integrity": "sha512-KZk5XTR1dm/kNgBx8iVpjno6fRYtAUQWBOmj+O8j724+nk097sz4fOoHJNpCkOJUtHUurZlJC7QvSFCZHbkC+w==",
      "requires": {
        "@types/rx-core": "4.0.3",
        "@types/rx-core-binding": "4.0.4"
      }
    },
    "@types/rx-lite-aggregates": {
      "version": "4.0.3",
      "resolved": "https://registry.npmjs.org/@types/rx-lite-aggregates/-/rx-lite-aggregates-4.0.3.tgz",
      "integrity": "sha512-MAGDAHy8cRatm94FDduhJF+iNS5//jrZ/PIfm+QYw9OCeDgbymFHChM8YVIvN2zArwsRftKgE33QfRWvQk4DPg==",
      "requires": {
        "@types/rx-lite": "4.0.5"
      }
    },
    "@types/rx-lite-async": {
      "version": "4.0.2",
      "resolved": "https://registry.npmjs.org/@types/rx-lite-async/-/rx-lite-async-4.0.2.tgz",
      "integrity": "sha512-vTEv5o8l6702ZwfAM5aOeVDfUwBSDOs+ARoGmWAKQ6LOInQ8J4/zjM7ov12fuTpktUKdMQjkeCp07Vd73mPkxw==",
      "requires": {
        "@types/rx-lite": "4.0.5"
      }
    },
    "@types/rx-lite-backpressure": {
      "version": "4.0.3",
      "resolved": "https://registry.npmjs.org/@types/rx-lite-backpressure/-/rx-lite-backpressure-4.0.3.tgz",
      "integrity": "sha512-Y6aIeQCtNban5XSAF4B8dffhIKu6aAy/TXFlScHzSxh6ivfQBQw6UjxyEJxIOt3IT49YkS+siuayM2H/Q0cmgA==",
      "requires": {
        "@types/rx-lite": "4.0.5"
      }
    },
    "@types/rx-lite-coincidence": {
      "version": "4.0.3",
      "resolved": "https://registry.npmjs.org/@types/rx-lite-coincidence/-/rx-lite-coincidence-4.0.3.tgz",
      "integrity": "sha512-1VNJqzE9gALUyMGypDXZZXzR0Tt7LC9DdAZQ3Ou/Q0MubNU35agVUNXKGHKpNTba+fr8GdIdkC26bRDqtCQBeQ==",
      "requires": {
        "@types/rx-lite": "4.0.5"
      }
    },
    "@types/rx-lite-experimental": {
      "version": "4.0.1",
      "resolved": "https://registry.npmjs.org/@types/rx-lite-experimental/-/rx-lite-experimental-4.0.1.tgz",
      "integrity": "sha1-xTL1y98/LBXaFt7Ykw0bKYQCPL0=",
      "requires": {
        "@types/rx-lite": "4.0.5"
      }
    },
    "@types/rx-lite-joinpatterns": {
      "version": "4.0.1",
      "resolved": "https://registry.npmjs.org/@types/rx-lite-joinpatterns/-/rx-lite-joinpatterns-4.0.1.tgz",
      "integrity": "sha1-9w/jcFGKhDLykVjMkv+1a05K/D4=",
      "requires": {
        "@types/rx-lite": "4.0.5"
      }
    },
    "@types/rx-lite-testing": {
      "version": "4.0.1",
      "resolved": "https://registry.npmjs.org/@types/rx-lite-testing/-/rx-lite-testing-4.0.1.tgz",
      "integrity": "sha1-IbGdEfTf1v/vWp0WSOnIh5v+Iek=",
      "requires": {
        "@types/rx-lite-virtualtime": "4.0.3"
      }
    },
    "@types/rx-lite-time": {
      "version": "4.0.3",
      "resolved": "https://registry.npmjs.org/@types/rx-lite-time/-/rx-lite-time-4.0.3.tgz",
      "integrity": "sha512-ukO5sPKDRwCGWRZRqPlaAU0SKVxmWwSjiOrLhoQDoWxZWg6vyB9XLEZViKOzIO6LnTIQBlk4UylYV0rnhJLxQw==",
      "requires": {
        "@types/rx-lite": "4.0.5"
      }
    },
    "@types/rx-lite-virtualtime": {
      "version": "4.0.3",
      "resolved": "https://registry.npmjs.org/@types/rx-lite-virtualtime/-/rx-lite-virtualtime-4.0.3.tgz",
      "integrity": "sha512-3uC6sGmjpOKatZSVHI2xB1+dedgml669ZRvqxy+WqmGJDVusOdyxcKfyzjW0P3/GrCiN4nmRkLVMhPwHCc5QLg==",
      "requires": {
        "@types/rx-lite": "4.0.5"
      }
    },
    "rxjs": {
      "version": "5.6.0-forward-compat.5",
      "resolved": "https://registry.npmjs.org/rxjs/-/rxjs-5.6.0-forward-compat.5.tgz",
      "integrity": "sha512-CJ9UIV5LlcyGhKWOVvZa4PcVbJJbGNcTunG29cflNo+Y2jAZgvMdZVl4xwYNiYK5gmley/0QuAFVJ0M4GO+GNQ==",
      "requires": {
        "symbol-observable": "1.0.1"
      }
    },
    "symbol-observable": {
      "version": "1.0.1",
      "resolved": "https://registry.npmjs.org/symbol-observable/-/symbol-observable-1.0.1.tgz",
      "integrity": "sha1-g0D8RwLDEi310iKI+IKD9RPT/dQ="
    },
    "tslib": {
      "version": "1.9.2",
      "resolved": "https://registry.npmjs.org/tslib/-/tslib-1.9.2.tgz",
      "integrity": "sha512-AVP5Xol3WivEr7hnssHDsaM+lVrVXWUvd1cfXTRkTj80b//6g2wIFEH6hZG0muGZRnHGrfttpdzRk3YlBkWjKw=="
    },
    "zone.js": {
      "version": "0.8.26",
      "resolved": "https://registry.npmjs.org/zone.js/-/zone.js-0.8.26.tgz",
      "integrity": "sha512-W9Nj+UmBJG251wkCacIkETgra4QgBo/vgoEkb4a2uoLzpQG7qF9nzwoLXWU5xj3Fg2mxGvEDh47mg24vXccYjA=="
    }
  }
}
